
Microsoft Visual Studio Solution File, Format Version 12.00
# Visual Studio Version 16
VisualStudioVersion = 16.0.31727.386
MinimumVisualStudioVersion = 10.0.40219.1
Project("{FAE04EC0-301F-11D3-BF4B-00C04F79EFBC}") = "KTGiuaKy_LeVanThien", "KTGiuaKy_LeVanThien\KTGiuaKy_LeVanThien.csproj", "{7EB40D0F-E0F4-4433-8ADF-154D7CD6A033}"
EndProject
Global
	GlobalSection(SolutionConfigurationPlatforms) = preSolution
		Debug|Any CPU = Debug|Any CPU
		Release|Any CPU = Release|Any CPU
	EndGlobalSection
	GlobalSection(ProjectConfigurationPlatforms) = postSolution
		{7EB40D0F-E0F4-4433-8ADF-154D7CD6A033}.Debug|Any CPU.ActiveCfg = Debug|Any CPU
		{7EB40D0F-E0F4-4433-8ADF-154D7CD6A033}.Debug|Any CPU.Build.0 = Debug|Any CPU
		{7EB40D0F-E0F4-4433-8ADF-154D7CD6A033}.Release|Any CPU.ActiveCfg = Release|Any CPU
		{7EB40D0F-E0F4-4433-8ADF-154D7CD6A033}.Release|Any CPU.Build.0 = Release|Any CPU
	EndGlobalSection
	GlobalSection(SolutionProperties) = preSolution
		HideSolutionNode = FALSE
	EndGlobalSection
	GlobalSection(ExtensibilityGlobals) = postSolution
		SolutionGuid = {E1DA7B31-4F44-4097-8695-CF99452F62F2}
	EndGlobalSection
EndGlobal
